<?xml version="1.0" encoding="utf-8"?>
<Project ToolsVersion="17.0" xmlns="http://schemas.microsoft.com/developer/msbuild/2003">
  <ItemGroup>
    <ClCompile Include="D:\C++ Projects\Negate\negate\src\main.cpp">
      <Filter>Source Files</Filter>
    </ClCompile>
    <ClCompile Include="D:\C++ Projects\Negate\negate\src\img_lib.cpp">
      <Filter>Source Files</Filter>
    </ClCompile>
    <ClCompile Include="D:\C++ Projects\Negate\negate\src\ppm_image.cpp">
      <Filter>Source Files</Filter>
    </ClCompile>
  </ItemGroup>
  <ItemGroup>
    <ClInclude Include="D:\C++ Projects\Negate\negate\src\img_lib.h">
      <Filter>Header Files</Filter>
    </ClInclude>
    <ClInclude Include="D:\C++ Projects\Negate\negate\src\ppm_image.h">
      <Filter>Header Files</Filter>
    </ClInclude>
  </ItemGroup>
  <ItemGroup>
    <CustomBuild Include="D:\C++ Projects\Negate\negate\CMakeLists.txt" />
  </ItemGroup>
  <ItemGroup>
    <Filter Include="Header Files">
      <UniqueIdentifier>{3C8F94C1-D700-394E-B1EB-8564330BE33B}</UniqueIdentifier>
    </Filter>
    <Filter Include="Source Files">
      <UniqueIdentifier>{3965B6AB-316F-3FF6-8960-50B8A4AA5D3E}</UniqueIdentifier>
    </Filter>
  </ItemGroup>
</Project>
